
Microsoft Visual Studio Solution File, Format Version 12.00
# Visual Studio Version 16
VisualStudioVersion = 16.0.30503.244
MinimumVisualStudioVersion = 10.0.40219.1
Project("{FAE04EC0-301F-11D3-BF4B-00C04F79EFBC}") = "MagSubApp", "MagSubApp.csproj", "{7E26D0E1-D651-4D66-B267-4A1F42F42E74}"
EndProject
Global
	GlobalSection(SolutionConfigurationPlatforms) = preSolution
		Debug|Any CPU = Debug|Any CPU
		Release|Any CPU = Release|Any CPU
	EndGlobalSection
	GlobalSection(ProjectConfigurationPlatforms) = postSolution
		{7E26D0E1-D651-4D66-B267-4A1F42F42E74}.Debug|Any CPU.ActiveCfg = Debug|Any CPU
		{7E26D0E1-D651-4D66-B267-4A1F42F42E74}.Debug|Any CPU.Build.0 = Debug|Any CPU
		{7E26D0E1-D651-4D66-B267-4A1F42F42E74}.Release|Any CPU.ActiveCfg = Release|Any CPU
		{7E26D0E1-D651-4D66-B267-4A1F42F42E74}.Release|Any CPU.Build.0 = Release|Any CPU
	EndGlobalSection
	GlobalSection(SolutionProperties) = preSolution
		HideSolutionNode = FALSE
	EndGlobalSection
	GlobalSection(ExtensibilityGlobals) = postSolution
		SolutionGuid = {3462420A-171F-4564-8DF2-252B81DDD9A5}
	EndGlobalSection
EndGlobal
